
Microsoft Visual Studio Solution File, Format Version 12.00
# Visual Studio Version 16
VisualStudioVersion = 16.0.31613.86
MinimumVisualStudioVersion = 10.0.40219.1
Project("{FAE04EC0-301F-11D3-BF4B-00C04F79EFBC}") = "Lucky", "Lucky\Lucky.csproj", "{D808F753-D1FE-4BF1-A282-59C736CCFDA0}"
EndProject
Global
	GlobalSection(SolutionConfigurationPlatforms) = preSolution
		Debug|Any CPU = Debug|Any CPU
		Release|Any CPU = Release|Any CPU
	EndGlobalSection
	GlobalSection(ProjectConfigurationPlatforms) = postSolution
		{D808F753-D1FE-4BF1-A282-59C736CCFDA0}.Debug|Any CPU.ActiveCfg = Debug|Any CPU
		{D808F753-D1FE-4BF1-A282-59C736CCFDA0}.Debug|Any CPU.Build.0 = Debug|Any CPU
		{D808F753-D1FE-4BF1-A282-59C736CCFDA0}.Release|Any CPU.ActiveCfg = Release|Any CPU
		{D808F753-D1FE-4BF1-A282-59C736CCFDA0}.Release|Any CPU.Build.0 = Release|Any CPU
	EndGlobalSection
	GlobalSection(SolutionProperties) = preSolution
		HideSolutionNode = FALSE
	EndGlobalSection
	GlobalSection(ExtensibilityGlobals) = postSolution
		SolutionGuid = {7D064E61-00B7-46DD-B2DD-B8885BCDD0E8}
	EndGlobalSection
EndGlobal
